// !$*UTF8*$!
{
	archiveVersion = 1;
	classes = {
	};
	objectVersion = 46;
	objects = {

/* Begin PBXBuildFile section */
		F597B7801E515B11001E431E /* AppDelegate.swift in Sources */ = {isa = PBXBuildFile; fileRef = F597B77F1E515B11001E431E /* AppDelegate.swift */; };
		F597B7821E515B11001E431E /* ViewController.swift in Sources */ = {isa = PBXBuildFile; fileRef = F597B7811E515B11001E431E /* ViewController.swift */; };
		F597B7851E515B11001E431E /* Main.storyboard in Resources */ = {isa = PBXBuildFile; fileRef = F597B7831E515B11001E431E /* Main.storyboard */; };
		F597B7871E515B11001E431E /* Assets.xcassets in Resources */ = {isa = PBXBuildFile; fileRef = F597B7861E515B11001E431E /* Assets.xcassets */; };
		F597B78A1E515B11001E431E /* LaunchScreen.storyboard in Resources */ = {isa = PBXBuildFile; fileRef = F597B7881E515B11001E431E /* LaunchScreen.storyboard */; };
		F597B7941E515D3E001E431E /* Reachability.swift in Sources */ = {isa = PBXBuildFile; fileRef = F597B7931E515D3E001E431E /* Reachability.swift */; };
		F5CFB39F1E61FA99006E28E5 /* thisMuseum.swift in Sources */ = {isa = PBXBuildFile; fileRef = F5CFB39E1E61FA99006E28E5 /* thisMuseum.swift */; };
/* End PBXBuildFile section */

/* Begin PBXFileReference section */
		F597B77C1E515B11001E431E /* iMueseum.app */ = {isa = PBXFileReference; explicitFileType = wrapper.application; includeInIndex = 0; path = iMueseum.app; sourceTree = BUILT_PRODUCTS_DIR; };
		F597B77F1E515B11001E431E /* AppDelegate.swift */ = {isa = PBXFileReference; lastKnownFileType = sourcecode.swift; path = AppDelegate.swift; sourceTree = "<group>"; };
		F597B7811E515B11001E431E /* ViewController.swift */ = {isa = PBXFileReference; lastKnownFileType = sourcecode.swift; path = ViewController.swift; sourceTree = "<group>"; };
		F597B7841E515B11001E431E /* Base */ = {isa = PBXFileReference; lastKnownFileType = file.storyboard; name = Base; path = Base.lproj/Main.storyboard; sourceTree = "<group>"; };
		F597B7861E515B11001E431E /* Assets.xcassets */ = {isa = PBXFileReference; lastKnownFileType = folder.assetcatalog; path = Assets.xcassets; sourceTree = "<group>"; };
		F597B7891E515B11001E431E /* Base */ = {isa = PBXFileReference; lastKnownFileType = file.storyboard; name = Base; path = Base.lproj/LaunchScreen.storyboard; sourceTree = "<group>"; };
		F597B78B1E515B11001E431E /* Info.plist */ = {isa = PBXFileReference; lastKnownFileType = text.plist.xml; path = Info.plist; sourceTree = "<group>"; };
		F597B7931E515D3E001E431E /* Reachability.swift */ = {isa = PBXFileReference; fileEncoding = 4; lastKnownFileType = sourcecode.swift; path = Reachability.swift; sourceTree = "<group>"; };
		F5CFB39E1E61FA99006E28E5 /* thisMuseum.swift */ = {isa = PBXFileReference; fileEncoding = 4; lastKnownFileType = sourcecode.swift; path = thisMuseum.swift; sourceTree = "<group>"; };
/* End PBXFileReference section */

/* Begin PBXFrameworksBuildPhase section */
		F597B7791E515B11001E431E /* Frameworks */ = {
			isa = PBXFrameworksBuildPhase;
			buildActionMask = 2147483647;
			files = (
			);
			runOnlyForDeploymentPostprocessing = 0;
		};
/* End PBXFrameworksBuildPhase section */

/* Begin PBXGroup section */
		F597B7731E515B11001E431E = {
			isa = PBXGroup;
			children = (
				F597B77E1E515B11001E431E /* iMueseum */,
				F597B77D1E515B11001E431E /* Products */,
			);
			sourceTree = "<group>";
		};
		F597B77D1E515B11001E431E /* Products */ = {
			isa = PBXGroup;
			children = (
				F597B77C1E515B11001E431E /* iMueseum.app */,
			);
			name = Products;
			sourceTree = "<group>";
		};
		F597B77E1E515B11001E431E /* iMueseum */ = {
			isa = PBXGroup;
			children = (
				F597B77F1E515B11001E431E /* AppDelegate.swift */,
				F597B7931E515D3E001E431E /* Reachability.swift */,
				F597B7811E515B11001E431E /* ViewController.swift */,
				F597B7831E515B11001E431E /* Main.storyboard */,
				F597B7861E515B11001E431E /* Assets.xcassets */,
				F597B7881E515B11001E431E /* LaunchScreen.storyboard */,
				F597B78B1E515B11001E431E /* Info.plist */,
				F5CFB39E1E61FA99006E28E5 /* thisMuseum.swift */,
			);
			path = iMueseum;
			sourceTree = "<group>";
		};
/* End PBXGroup section */

/* Begin PBXNativeTarget section */
		F597B77B1E515B11001E431E /* iMueseum */ = {
			isa = PBXNativeTarget;
			buildConfigurationList = F597B78E1E515B11001E431E /* Build configuration list for PBXNativeTarget "iMueseum" */;
			buildPhases = (
				F597B7781E515B11001E431E /* Sources */,
				F597B7791E515B11001E431E /* Frameworks */,
				F597B77A1E515B11001E431E /* Resources */,
			);
			buildRules = (
			);
			dependencies = (
			);
			name = iMueseum;
			productName = iMueseum;
			productReference = F597B77C1E515B11001E431E /* iMueseum.app */;
			productType = "com.apple.product-type.application";
		};
/* End PBXNativeTarget section */

/* Begin PBXProject section */
		F597B7741E515B11001E431E /* Project object */ = {
			isa = PBXProject;
			attributes = {
				LastSwiftUpdateCheck = 0820;
				LastUpgradeCheck = 0820;
				ORGANIZATIONNAME = "Samuel MCDONALD";
				TargetAttributes = {
					F597B77B1E515B11001E431E = {
						CreatedOnToolsVersion = 8.2.1;
						ProvisioningStyle = Automatic;
					};
				};
			};
			buildConfigurationList = F597B7771E515B11001E431E /* Build configuration list for PBXProject "iMueseum" */;
			compatibilityVersion = "Xcode 3.2";
			developmentRegion = English;
			hasScannedForEncodings = 0;
			knownRegions = (
				en,
				Base,
			);
			mainGroup = F597B7731E515B11001E431E;
			productRefGroup = F597B77D1E515B11001E431E /* Products */;
			projectDirPath = "";
			projectRoot = "";
			targets = (
				F597B77B1E515B11001E431E /* iMueseum */,
			);
		};
/* End PBXProject section */

/* Begin PBXResourcesBuildPhase section */
		F597B77A1E515B11001E431E /* Resources */ = {
			isa = PBXResourcesBuildPhase;
			buildActionMask = 2147483647;
			files = (
				F597B78A1E515B11001E431E /* LaunchScreen.storyboard in Resources */,
				F597B7871E515B11001E431E /* Assets.xcassets in Resources */,
				F597B7851E515B11001E431E /* Main.storyboard in Resources */,
			);
			runOnlyForDeploymentPostprocessing = 0;
		};
/* End PBXResourcesBuildPhase section */

/* Begin PBXSourcesBuildPhase section */
		F597B7781E515B11001E431E /* Sources */ = {
			isa = PBXSourcesBuildPhase;
			buildActionMask = 2147483647;
			files = (
				F597B7821E515B11001E431E /* ViewController.swift in Sources */,
				F597B7801E515B11001E431E /* AppDelegate.swift in Sources */,
				F597B7941E515D3E001E431E /* Reachability.swift in Sources */,
				F5CFB39F1E61FA99006E28E5 /* thisMuseum.swift in Sources */,
			);
			runOnlyForDeploymentPostprocessing = 0;
		};
/* End PBXSourcesBuildPhase section */

/* Begin PBXVariantGroup section */
		F597B7831E515B11001E431E /* Main.storyboard */ = {
			isa = PBXVariantGroup;
			children = (
				F597B7841E515B11001E431E /* Base */,
			);
			name = Main.storyboard;
			sourceTree = "<group>";
		};
		F597B7881E515B11001E431E /* LaunchScreen.storyboard */ = {
			isa = PBXVariantGroup;
			children = (
				F597B7891E515B11001E431E /* Base */,
			);
			name = LaunchScreen.storyboard;
			sourceTree = "<group>";
		};
/* End PBXVariantGroup section */

/* Begin XCBuildConfiguration section */
		F597B78C1E515B11001E431E /* Debug */ = {
			isa = XCBuildConfiguration;
			buildSettings = {
				ALWAYS_SEARCH_USER_PATHS = NO;
				CLANG_ANALYZER_NONNULL = YES;
				CLANG_CXX_LANGUAGE_STANDARD = "gnu++0x";
				CLANG_CXX_LIBRARY = "libc++";
				CLANG_ENABLE_MODULES = YES;
				CLANG_ENABLE_OBJC_ARC = YES;
				CLANG_WARN_BOOL_CONVERSION = YES;
				CLANG_WARN_CONSTANT_CONVERSION = YES;
				CLANG_WARN_DIRECT_OBJC_ISA_USAGE = YES_ERROR;
				CLANG_WARN_DOCUMENTATION_COMMENTS = YES;
				CLANG_WARN_EMPTY_BODY = YES;
				CLANG_WARN_ENUM_CONVERSION = YES;
				CLANG_WARN_INFINITE_RECURSION = YES;
				CLANG_WARN_INT_CONVERSION = YES;
				CLANG_WARN_OBJC_ROOT_CLASS = YES_ERROR;
				CLANG_WARN_SUSPICIOUS_MOVE = YES;
				CLANG_WARN_UNREACHABLE_CODE = YES;
				CLANG_WARN__DUPLICATE_METHOD_MATCH = YES;
				"CODE_SIGN_IDENTITY[sdk=iphoneos*]" = "iPhone Developer";
				COPY_PHASE_STRIP = NO;
				DEBUG_INFORMATION_FORMAT = dwarf;
				ENABLE_STRICT_OBJC_MSGSEND = YES;
				ENABLE_TESTABILITY = YES;
				GCC_C_LANGUAGE_STANDARD = gnu99;
				GCC_DYNAMIC_NO_PIC = NO;
				GCC_NO_COMMON_BLOCKS = YES;
				GCC_OPTIMIZATION_LEVEL = 0;
				GCC_PREPROCESSOR_DEFINITIONS = (
					"DEBUG=1",
					"$(inherited)",
				);
				GCC_WARN_64_TO_32_BIT_CONVERSION = YES;
				GCC_WARN_ABOUT_RETURN_TYPE = YES_ERROR;
				GCC_WARN_UNDECLARED_SELECTOR = YES;
				GCC_WARN_UNINITIALIZED_AUTOS = YES_AGGRESSIVE;
				GCC_WARN_UNUSED_FUNCTION = YES;
				GCC_WARN_UNUSED_VARIABLE = YES;
				IPHONEOS_DEPLOYMENT_TARGET = 10.2;
				MTL_ENABLE_DEBUG_INFO = YES;
				ONLY_ACTIVE_ARCH = YES;
				SDKROOT = iphoneos;
				SWIFT_ACTIVE_COMPILATION_CONDITIONS = DEBUG;
				SWIFT_OPTIMIZATION_LEVEL = "-Onone";
				TARGETED_DEVICE_FAMILY = "1,2";
			};
			name = Debug;
		};
		F597B78D1E515B11001E431E /* Release */ = {
			isa = XCBuildConfiguration;
			buildSettings = {
				ALWAYS_SEARCH_USER_PATHS = NO;
				CLANG_ANALYZER_NONNULL = YES;
				CLANG_CXX_LANGUAGE_STANDARD = "gnu++0x";
				CLANG_CXX_LIBRARY = "libc++";
				CLANG_ENABLE_MODULES = YES;
				CLANG_ENABLE_OBJC_ARC = YES;
				CLANG_WARN_BOOL_CONVERSION = YES;
				CLANG_WARN_CONSTANT_CONVERSION = YES;
				CLANG_WARN_DIRECT_OBJC_ISA_USAGE = YES_ERROR;
				CLANG_WARN_DOCUMENTATION_COMMENTS = YES;
				CLANG_WARN_EMPTY_BODY = YES;
				CLANG_WARN_ENUM_CONVERSION = YES;
				CLANG_WARN_INFINITE_RECURSION = YES;
				CLANG_WARN_INT_CONVERSION = YES;
				CLANG_WARN_OBJC_ROOT_CLASS = YES_ERROR;
				CLANG_WARN_SUSPICIOUS_MOVE = YES;
				CLANG_WARN_UNREACHABLE_CODE = YES;
				CLANG_WARN__DUPLICATE_METHOD_MATCH = YES;
				"CODE_SIGN_IDENTITY[sdk=iphoneos*]" = "iPhone Developer";
				COPY_PHASE_STRIP = NO;
				DEBUG_INFORMATION_FORMAT = "dwarf-with-dsym";
				ENABLE_NS_ASSERTIONS = NO;
				ENABLE_STRICT_OBJC_MSGSEND = YES;
				GCC_C_LANGUAGE_STANDARD = gnu99;
				GCC_NO_COMMON_BLOCKS = YES;
				GCC_WARN_64_TO_32_BIT_CONVERSION = YES;
				GCC_WARN_ABOUT_RETURN_TYPE = YES_ERROR;
				GCC_WARN_UNDECLARED_SELECTOR = YES;
				GCC_WARN_UNINITIALIZED_AUTOS = YES_AGGRESSIVE;
				GCC_WARN_UNUSED_FUNCTION = YES;
				GCC_WARN_UNUSED_VARIABLE = YES;
				IPHONEOS_DEPLOYMENT_TARGET = 10.2;
				MTL_ENABLE_DEBUG_INFO = NO;
				SDKROOT = iphoneos;
				SWIFT_OPTIMIZATION_LEVEL = "-Owholemodule";
				TARGETED_DEVICE_FAMILY = "1,2";
				VALIDATE_PRODUCT = YES;
			};
			name = Release;
		};
		F597B78F1E515B11001E431E /* Debug */ = {
			isa = XCBuildConfiguration;
			buildSettings = {
				ASSETCATALOG_COMPILER_APPICON_NAME = AppIcon;
				INFOPLIST_FILE = iMueseum/Info.plist;
				LD_RUNPATH_SEARCH_PATHS = "$(inherited) @executable_path/Frameworks";
				PRODUCT_BUNDLE_IDENTIFIER = vmsi.iMueseum;
				PRODUCT_NAME = "$(TARGET_NAME)";
				SWIFT_VERSION = 3.0;
			};
			name = Debug;
		};
		F597B7901E515B11001E431E /* Release */ = {
			isa = XCBuildConfiguration;
			buildSettings = {
				ASSETCATALOG_COMPILER_APPICON_NAME = AppIcon;
				INFOPLIST_FILE = iMueseum/Info.plist;
				LD_RUNPATH_SEARCH_PATHS = "$(inherited) @executable_path/Frameworks";
				PRODUCT_BUNDLE_IDENTIFIER = vmsi.iMueseum;
				PRODUCT_NAME = "$(TARGET_NAME)";
				SWIFT_VERSION = 3.0;
			};
			name = Release;
		};
/* End XCBuildConfiguration section */

/* Begin XCConfigurationList section */
		F597B7771E515B11001E431E /* Build configuration list for PBXProject "iMueseum" */ = {
			isa = XCConfigurationList;
			buildConfigurations = (
				F597B78C1E515B11001E431E /* Debug */,
				F597B78D1E515B11001E431E /* Release */,
			);
			defaultConfigurationIsVisible = 0;
			defaultConfigurationName = Release;
		};
		F597B78E1E515B11001E431E /* Build configuration list for PBXNativeTarget "iMueseum" */ = {
			isa = XCConfigurationList;
			buildConfigurations = (
				F597B78F1E515B11001E431E /* Debug */,
				F597B7901E515B11001E431E /* Release */,
			);
			defaultConfigurationIsVisible = 0;
			defaultConfigurationName = Release;
		};
/* End XCConfigurationList section */
	};
	rootObject = F597B7741E515B11001E431E /* Project object */;
}
